// !$*UTF8*$!
{
	archiveVersion = 1;
	classes = {
	};
	objectVersion = 56;
	objects = {

/* Begin PBXBuildFile section */
		1DCD83042ABA2F62009C749A /* AppDelegate.swift in Sources */ = {isa = PBXBuildFile; fileRef = 1DCD83032ABA2F62009C749A /* AppDelegate.swift */; };
		1DCD83082ABA2F62009C749A /* GameViewController.swift in Sources */ = {isa = PBXBuildFile; fileRef = 1DCD83072ABA2F62009C749A /* GameViewController.swift */; };
		1DCD830D2ABA2F64009C749A /* Assets.xcassets in Resources */ = {isa = PBXBuildFile; fileRef = 1DCD830C2ABA2F64009C749A /* Assets.xcassets */; };
		1DCD83102ABA2F64009C749A /* LaunchScreen.storyboard in Resources */ = {isa = PBXBuildFile; fileRef = 1DCD830E2ABA2F64009C749A /* LaunchScreen.storyboard */; };
		1DCD83192ABA30FB009C749A /* GameViewModel.swift in Sources */ = {isa = PBXBuildFile; fileRef = 1DCD83182ABA30FB009C749A /* GameViewModel.swift */; };
		1DCD83232ABA36D1009C749A /* Background.swift in Sources */ = {isa = PBXBuildFile; fileRef = 1DCD83222ABA36D1009C749A /* Background.swift */; };
		1DCD83262ABA372A009C749A /* UIImage + Extension.swift in Sources */ = {isa = PBXBuildFile; fileRef = 1DCD83252ABA372A009C749A /* UIImage + Extension.swift */; };
		1DCD83292ABA3A78009C749A /* MenuViewController.swift in Sources */ = {isa = PBXBuildFile; fileRef = 1DCD83282ABA3A78009C749A /* MenuViewController.swift */; };
		1DCD832F2ABA3E9C009C749A /* Localizable.strings in Resources */ = {isa = PBXBuildFile; fileRef = 1DCD83312ABA3E9C009C749A /* Localizable.strings */; };
		1DCD83342ABA3ECB009C749A /* String + Extension.swift in Sources */ = {isa = PBXBuildFile; fileRef = 1DCD83332ABA3ECB009C749A /* String + Extension.swift */; };
		1DCD83372ABA4467009C749A /* ModulesFactory.swift in Sources */ = {isa = PBXBuildFile; fileRef = 1DCD83362ABA4467009C749A /* ModulesFactory.swift */; };
		1DCD83392ABA44BC009C749A /* UIViewController + Extension.swift in Sources */ = {isa = PBXBuildFile; fileRef = 1DCD83382ABA44BC009C749A /* UIViewController + Extension.swift */; };
		1DCD833B2ABB204E009C749A /* SphereTarget.swift in Sources */ = {isa = PBXBuildFile; fileRef = 1DCD833A2ABB204D009C749A /* SphereTarget.swift */; };
		1DCD833D2ABB974C009C749A /* Consts.swift in Sources */ = {isa = PBXBuildFile; fileRef = 1DCD833C2ABB974C009C749A /* Consts.swift */; };
		1DCD833F2ABBB46D009C749A /* GameResults.swift in Sources */ = {isa = PBXBuildFile; fileRef = 1DCD833E2ABBB46D009C749A /* GameResults.swift */; };
		1DCD83412ABBC2A5009C749A /* Storage.swift in Sources */ = {isa = PBXBuildFile; fileRef = 1DCD83402ABBC2A5009C749A /* Storage.swift */; };
		1DCD83432ABBC33D009C749A /* UserDefaults + Extension.swift in Sources */ = {isa = PBXBuildFile; fileRef = 1DCD83422ABBC33D009C749A /* UserDefaults + Extension.swift */; };
		1DCD83452ABC91AC009C749A /* LeaderboardsViewController.swift in Sources */ = {isa = PBXBuildFile; fileRef = 1DCD83442ABC91AC009C749A /* LeaderboardsViewController.swift */; };
		1DCD83472ABC91DB009C749A /* LeaderboardsViewModel.swift in Sources */ = {isa = PBXBuildFile; fileRef = 1DCD83462ABC91DB009C749A /* LeaderboardsViewModel.swift */; };
		1DCD83492ABC9435009C749A /* LeaderboardsCell.swift in Sources */ = {isa = PBXBuildFile; fileRef = 1DCD83482ABC9435009C749A /* LeaderboardsCell.swift */; };
		1DCD834C2ABC946D009C749A /* LeaderboardsCellModel.swift in Sources */ = {isa = PBXBuildFile; fileRef = 1DCD834B2ABC946D009C749A /* LeaderboardsCellModel.swift */; };
		1DCD834E2ABC9672009C749A /* UIFont + Extension.swift in Sources */ = {isa = PBXBuildFile; fileRef = 1DCD834D2ABC9672009C749A /* UIFont + Extension.swift */; };
		1DCD83532ABCAF43009C749A /* countdown.mp3 in Resources */ = {isa = PBXBuildFile; fileRef = 1DCD83502ABCAF43009C749A /* countdown.mp3 */; };
		1DCD83542ABCAF43009C749A /* laserShot.mp3 in Resources */ = {isa = PBXBuildFile; fileRef = 1DCD83512ABCAF43009C749A /* laserShot.mp3 */; };
		1DCD83552ABCAF43009C749A /* targetSpawn.mp3 in Resources */ = {isa = PBXBuildFile; fileRef = 1DCD83522ABCAF43009C749A /* targetSpawn.mp3 */; };
		1DCD83572ABCAF63009C749A /* AudioManager.swift in Sources */ = {isa = PBXBuildFile; fileRef = 1DCD83562ABCAF63009C749A /* AudioManager.swift */; };
		1DDDE0F42ABDD991008E74FB /* gameplay.mp4 in Resources */ = {isa = PBXBuildFile; fileRef = 1DDDE0F32ABDD760008E74FB /* gameplay.mp4 */; };
/* End PBXBuildFile section */

/* Begin PBXFileReference section */
		1DCD83002ABA2F62009C749A /* ARShooter.app */ = {isa = PBXFileReference; explicitFileType = wrapper.application; includeInIndex = 0; path = ARShooter.app; sourceTree = BUILT_PRODUCTS_DIR; };
		1DCD83032ABA2F62009C749A /* AppDelegate.swift */ = {isa = PBXFileReference; lastKnownFileType = sourcecode.swift; path = AppDelegate.swift; sourceTree = "<group>"; };
		1DCD83072ABA2F62009C749A /* GameViewController.swift */ = {isa = PBXFileReference; lastKnownFileType = sourcecode.swift; path = GameViewController.swift; sourceTree = "<group>"; };
		1DCD830C2ABA2F64009C749A /* Assets.xcassets */ = {isa = PBXFileReference; lastKnownFileType = folder.assetcatalog; path = Assets.xcassets; sourceTree = "<group>"; };
		1DCD830F2ABA2F64009C749A /* Base */ = {isa = PBXFileReference; lastKnownFileType = file.storyboard; name = Base; path = Base.lproj/LaunchScreen.storyboard; sourceTree = "<group>"; };
		1DCD83182ABA30FB009C749A /* GameViewModel.swift */ = {isa = PBXFileReference; lastKnownFileType = sourcecode.swift; path = GameViewModel.swift; sourceTree = "<group>"; };
		1DCD83222ABA36D1009C749A /* Background.swift */ = {isa = PBXFileReference; lastKnownFileType = sourcecode.swift; path = Background.swift; sourceTree = "<group>"; };
		1DCD83252ABA372A009C749A /* UIImage + Extension.swift */ = {isa = PBXFileReference; lastKnownFileType = sourcecode.swift; path = "UIImage + Extension.swift"; sourceTree = "<group>"; };
		1DCD83282ABA3A78009C749A /* MenuViewController.swift */ = {isa = PBXFileReference; lastKnownFileType = sourcecode.swift; path = MenuViewController.swift; sourceTree = "<group>"; };
		1DCD83302ABA3E9C009C749A /* en */ = {isa = PBXFileReference; lastKnownFileType = text.plist.strings; name = en; path = en.lproj/Localizable.strings; sourceTree = "<group>"; };
		1DCD83322ABA3EAF009C749A /* ru */ = {isa = PBXFileReference; lastKnownFileType = text.plist.strings; name = ru; path = ru.lproj/Localizable.strings; sourceTree = "<group>"; };
		1DCD83332ABA3ECB009C749A /* String + Extension.swift */ = {isa = PBXFileReference; lastKnownFileType = sourcecode.swift; path = "String + Extension.swift"; sourceTree = "<group>"; };
		1DCD83362ABA4467009C749A /* ModulesFactory.swift */ = {isa = PBXFileReference; lastKnownFileType = sourcecode.swift; path = ModulesFactory.swift; sourceTree = "<group>"; };
		1DCD83382ABA44BC009C749A /* UIViewController + Extension.swift */ = {isa = PBXFileReference; lastKnownFileType = sourcecode.swift; path = "UIViewController + Extension.swift"; sourceTree = "<group>"; };
		1DCD833A2ABB204D009C749A /* SphereTarget.swift */ = {isa = PBXFileReference; lastKnownFileType = sourcecode.swift; path = SphereTarget.swift; sourceTree = "<group>"; };
		1DCD833C2ABB974C009C749A /* Consts.swift */ = {isa = PBXFileReference; lastKnownFileType = sourcecode.swift; path = Consts.swift; sourceTree = "<group>"; };
		1DCD833E2ABBB46D009C749A /* GameResults.swift */ = {isa = PBXFileReference; lastKnownFileType = sourcecode.swift; path = GameResults.swift; sourceTree = "<group>"; };
		1DCD83402ABBC2A5009C749A /* Storage.swift */ = {isa = PBXFileReference; lastKnownFileType = sourcecode.swift; path = Storage.swift; sourceTree = "<group>"; };
		1DCD83422ABBC33D009C749A /* UserDefaults + Extension.swift */ = {isa = PBXFileReference; lastKnownFileType = sourcecode.swift; path = "UserDefaults + Extension.swift"; sourceTree = "<group>"; };
		1DCD83442ABC91AC009C749A /* LeaderboardsViewController.swift */ = {isa = PBXFileReference; lastKnownFileType = sourcecode.swift; path = LeaderboardsViewController.swift; sourceTree = "<group>"; };
		1DCD83462ABC91DB009C749A /* LeaderboardsViewModel.swift */ = {isa = PBXFileReference; lastKnownFileType = sourcecode.swift; path = LeaderboardsViewModel.swift; sourceTree = "<group>"; };
		1DCD83482ABC9435009C749A /* LeaderboardsCell.swift */ = {isa = PBXFileReference; lastKnownFileType = sourcecode.swift; path = LeaderboardsCell.swift; sourceTree = "<group>"; };
		1DCD834B2ABC946D009C749A /* LeaderboardsCellModel.swift */ = {isa = PBXFileReference; lastKnownFileType = sourcecode.swift; path = LeaderboardsCellModel.swift; sourceTree = "<group>"; };
		1DCD834D2ABC9672009C749A /* UIFont + Extension.swift */ = {isa = PBXFileReference; lastKnownFileType = sourcecode.swift; path = "UIFont + Extension.swift"; sourceTree = "<group>"; };
		1DCD83502ABCAF43009C749A /* countdown.mp3 */ = {isa = PBXFileReference; lastKnownFileType = audio.mp3; path = countdown.mp3; sourceTree = "<group>"; };
		1DCD83512ABCAF43009C749A /* laserShot.mp3 */ = {isa = PBXFileReference; lastKnownFileType = audio.mp3; path = laserShot.mp3; sourceTree = "<group>"; };
		1DCD83522ABCAF43009C749A /* targetSpawn.mp3 */ = {isa = PBXFileReference; lastKnownFileType = audio.mp3; path = targetSpawn.mp3; sourceTree = "<group>"; };
		1DCD83562ABCAF63009C749A /* AudioManager.swift */ = {isa = PBXFileReference; lastKnownFileType = sourcecode.swift; path = AudioManager.swift; sourceTree = "<group>"; };
		1DDDE0F32ABDD760008E74FB /* gameplay.mp4 */ = {isa = PBXFileReference; lastKnownFileType = file; path = gameplay.mp4; sourceTree = "<group>"; };
/* End PBXFileReference section */

/* Begin PBXFrameworksBuildPhase section */
		1DCD82FD2ABA2F62009C749A /* Frameworks */ = {
			isa = PBXFrameworksBuildPhase;
			buildActionMask = 2147483647;
			files = (
			);
			runOnlyForDeploymentPostprocessing = 0;
		};
/* End PBXFrameworksBuildPhase section */

/* Begin PBXGroup section */
		1DCD82F72ABA2F62009C749A = {
			isa = PBXGroup;
			children = (
				1DCD83022ABA2F62009C749A /* ARShooter */,
				1DCD83012ABA2F62009C749A /* Products */,
			);
			sourceTree = "<group>";
		};
		1DCD83012ABA2F62009C749A /* Products */ = {
			isa = PBXGroup;
			children = (
				1DCD83002ABA2F62009C749A /* ARShooter.app */,
			);
			name = Products;
			sourceTree = "<group>";
		};
		1DCD83022ABA2F62009C749A /* ARShooter */ = {
			isa = PBXGroup;
			children = (
				1DCD831A2ABA3101009C749A /* App */,
				1DCD83352ABA4455009C749A /* AppBasic */,
				1DCD831C2ABA3126009C749A /* Presentation */,
				1DCD83582ABCAFEE009C749A /* Services */,
				1DCD83212ABA335D009C749A /* Helpers */,
				1DCD831B2ABA310A009C749A /* Resources */,
			);
			path = ARShooter;
			sourceTree = "<group>";
		};
		1DCD831A2ABA3101009C749A /* App */ = {
			isa = PBXGroup;
			children = (
				1DCD83032ABA2F62009C749A /* AppDelegate.swift */,
			);
			path = App;
			sourceTree = "<group>";
		};
		1DCD831B2ABA310A009C749A /* Resources */ = {
			isa = PBXGroup;
			children = (
				1DDDE0F02ABDCDB3008E74FB /* Media */,
				1DCD830E2ABA2F64009C749A /* LaunchScreen.storyboard */,
				1DCD830C2ABA2F64009C749A /* Assets.xcassets */,
				1DCD83312ABA3E9C009C749A /* Localizable.strings */,
			);
			path = Resources;
			sourceTree = "<group>";
		};
		1DCD831C2ABA3126009C749A /* Presentation */ = {
			isa = PBXGroup;
			children = (
				1DCD833E2ABBB46D009C749A /* GameResults.swift */,
				1DCD83272ABA3A47009C749A /* MenuModule */,
				1DCD831D2ABA3138009C749A /* GameModule */,
				1DCD832C2ABA3AFC009C749A /* LeaderboardsModule */,
			);
			path = Presentation;
			sourceTree = "<group>";
		};
		1DCD831D2ABA3138009C749A /* GameModule */ = {
			isa = PBXGroup;
			children = (
				1DCD83202ABA3251009C749A /* Models */,
				1DCD83182ABA30FB009C749A /* GameViewModel.swift */,
				1DCD83072ABA2F62009C749A /* GameViewController.swift */,
			);
			path = GameModule;
			sourceTree = "<group>";
		};
		1DCD83202ABA3251009C749A /* Models */ = {
			isa = PBXGroup;
			children = (
				1DCD83222ABA36D1009C749A /* Background.swift */,
				1DCD833A2ABB204D009C749A /* SphereTarget.swift */,
			);
			path = Models;
			sourceTree = "<group>";
		};
		1DCD83212ABA335D009C749A /* Helpers */ = {
			isa = PBXGroup;
			children = (
				1DCD833C2ABB974C009C749A /* Consts.swift */,
				1DCD83332ABA3ECB009C749A /* String + Extension.swift */,
				1DCD83422ABBC33D009C749A /* UserDefaults + Extension.swift */,
				1DCD83242ABA371E009C749A /* UI */,
			);
			path = Helpers;
			sourceTree = "<group>";
		};
		1DCD83242ABA371E009C749A /* UI */ = {
			isa = PBXGroup;
			children = (
				1DCD834D2ABC9672009C749A /* UIFont + Extension.swift */,
				1DCD83252ABA372A009C749A /* UIImage + Extension.swift */,
				1DCD83382ABA44BC009C749A /* UIViewController + Extension.swift */,
			);
			path = UI;
			sourceTree = "<group>";
		};
		1DCD83272ABA3A47009C749A /* MenuModule */ = {
			isa = PBXGroup;
			children = (
				1DCD83282ABA3A78009C749A /* MenuViewController.swift */,
			);
			path = MenuModule;
			sourceTree = "<group>";
		};
		1DCD832C2ABA3AFC009C749A /* LeaderboardsModule */ = {
			isa = PBXGroup;
			children = (
				1DCD83442ABC91AC009C749A /* LeaderboardsViewController.swift */,
				1DCD83462ABC91DB009C749A /* LeaderboardsViewModel.swift */,
				1DCD834A2ABC9439009C749A /* Cell */,
			);
			path = LeaderboardsModule;
			sourceTree = "<group>";
		};
		1DCD83352ABA4455009C749A /* AppBasic */ = {
			isa = PBXGroup;
			children = (
				1DCD83362ABA4467009C749A /* ModulesFactory.swift */,
			);
			path = AppBasic;
			sourceTree = "<group>";
		};
		1DCD834A2ABC9439009C749A /* Cell */ = {
			isa = PBXGroup;
			children = (
				1DCD83482ABC9435009C749A /* LeaderboardsCell.swift */,
				1DCD834B2ABC946D009C749A /* LeaderboardsCellModel.swift */,
			);
			path = Cell;
			sourceTree = "<group>";
		};
		1DCD834F2ABCAEE9009C749A /* Sounds */ = {
			isa = PBXGroup;
			children = (
				1DCD83502ABCAF43009C749A /* countdown.mp3 */,
				1DCD83512ABCAF43009C749A /* laserShot.mp3 */,
				1DCD83522ABCAF43009C749A /* targetSpawn.mp3 */,
			);
			path = Sounds;
			sourceTree = "<group>";
		};
		1DCD83582ABCAFEE009C749A /* Services */ = {
			isa = PBXGroup;
			children = (
				1DCD83562ABCAF63009C749A /* AudioManager.swift */,
				1DCD83402ABBC2A5009C749A /* Storage.swift */,
			);
			path = Services;
			sourceTree = "<group>";
		};
		1DDDE0EF2ABDCDA8008E74FB /* Video */ = {
			isa = PBXGroup;
			children = (
				1DDDE0F32ABDD760008E74FB /* gameplay.mp4 */,
			);
			path = Video;
			sourceTree = "<group>";
		};
		1DDDE0F02ABDCDB3008E74FB /* Media */ = {
			isa = PBXGroup;
			children = (
				1DCD834F2ABCAEE9009C749A /* Sounds */,
				1DDDE0EF2ABDCDA8008E74FB /* Video */,
			);
			path = Media;
			sourceTree = "<group>";
		};
/* End PBXGroup section */

/* Begin PBXNativeTarget section */
		1DCD82FF2ABA2F62009C749A /* ARShooter */ = {
			isa = PBXNativeTarget;
			buildConfigurationList = 1DCD83132ABA2F64009C749A /* Build configuration list for PBXNativeTarget "ARShooter" */;
			buildPhases = (
				1DCD82FC2ABA2F62009C749A /* Sources */,
				1DCD82FD2ABA2F62009C749A /* Frameworks */,
				1DCD82FE2ABA2F62009C749A /* Resources */,
			);
			buildRules = (
			);
			dependencies = (
			);
			name = ARShooter;
			productName = ARShooter;
			productReference = 1DCD83002ABA2F62009C749A /* ARShooter.app */;
			productType = "com.apple.product-type.application";
		};
/* End PBXNativeTarget section */

/* Begin PBXProject section */
		1DCD82F82ABA2F62009C749A /* Project object */ = {
			isa = PBXProject;
			attributes = {
				BuildIndependentTargetsInParallel = 1;
				LastSwiftUpdateCheck = 1430;
				LastUpgradeCheck = 1430;
				TargetAttributes = {
					1DCD82FF2ABA2F62009C749A = {
						CreatedOnToolsVersion = 14.3.1;
					};
				};
			};
			buildConfigurationList = 1DCD82FB2ABA2F62009C749A /* Build configuration list for PBXProject "ARShooter" */;
			compatibilityVersion = "Xcode 14.0";
			developmentRegion = en;
			hasScannedForEncodings = 0;
			knownRegions = (
				en,
				Base,
				ru,
			);
			mainGroup = 1DCD82F72ABA2F62009C749A;
			productRefGroup = 1DCD83012ABA2F62009C749A /* Products */;
			projectDirPath = "";
			projectRoot = "";
			targets = (
				1DCD82FF2ABA2F62009C749A /* ARShooter */,
			);
		};
/* End PBXProject section */

/* Begin PBXResourcesBuildPhase section */
		1DCD82FE2ABA2F62009C749A /* Resources */ = {
			isa = PBXResourcesBuildPhase;
			buildActionMask = 2147483647;
			files = (
				1DDDE0F42ABDD991008E74FB /* gameplay.mp4 in Resources */,
				1DCD83532ABCAF43009C749A /* countdown.mp3 in Resources */,
				1DCD83552ABCAF43009C749A /* targetSpawn.mp3 in Resources */,
				1DCD83102ABA2F64009C749A /* LaunchScreen.storyboard in Resources */,
				1DCD832F2ABA3E9C009C749A /* Localizable.strings in Resources */,
				1DCD83542ABCAF43009C749A /* laserShot.mp3 in Resources */,
				1DCD830D2ABA2F64009C749A /* Assets.xcassets in Resources */,
			);
			runOnlyForDeploymentPostprocessing = 0;
		};
/* End PBXResourcesBuildPhase section */

/* Begin PBXSourcesBuildPhase section */
		1DCD82FC2ABA2F62009C749A /* Sources */ = {
			isa = PBXSourcesBuildPhase;
			buildActionMask = 2147483647;
			files = (
				1DCD833F2ABBB46D009C749A /* GameResults.swift in Sources */,
				1DCD834C2ABC946D009C749A /* LeaderboardsCellModel.swift in Sources */,
				1DCD834E2ABC9672009C749A /* UIFont + Extension.swift in Sources */,
				1DCD83192ABA30FB009C749A /* GameViewModel.swift in Sources */,
				1DCD83342ABA3ECB009C749A /* String + Extension.swift in Sources */,
				1DCD83292ABA3A78009C749A /* MenuViewController.swift in Sources */,
				1DCD83432ABBC33D009C749A /* UserDefaults + Extension.swift in Sources */,
				1DCD83082ABA2F62009C749A /* GameViewController.swift in Sources */,
				1DCD83492ABC9435009C749A /* LeaderboardsCell.swift in Sources */,
				1DCD83042ABA2F62009C749A /* AppDelegate.swift in Sources */,
				1DCD83392ABA44BC009C749A /* UIViewController + Extension.swift in Sources */,
				1DCD83262ABA372A009C749A /* UIImage + Extension.swift in Sources */,
				1DCD833B2ABB204E009C749A /* SphereTarget.swift in Sources */,
				1DCD83472ABC91DB009C749A /* LeaderboardsViewModel.swift in Sources */,
				1DCD83452ABC91AC009C749A /* LeaderboardsViewController.swift in Sources */,
				1DCD833D2ABB974C009C749A /* Consts.swift in Sources */,
				1DCD83372ABA4467009C749A /* ModulesFactory.swift in Sources */,
				1DCD83232ABA36D1009C749A /* Background.swift in Sources */,
				1DCD83572ABCAF63009C749A /* AudioManager.swift in Sources */,
				1DCD83412ABBC2A5009C749A /* Storage.swift in Sources */,
			);
			runOnlyForDeploymentPostprocessing = 0;
		};
/* End PBXSourcesBuildPhase section */

/* Begin PBXVariantGroup section */
		1DCD830E2ABA2F64009C749A /* LaunchScreen.storyboard */ = {
			isa = PBXVariantGroup;
			children = (
				1DCD830F2ABA2F64009C749A /* Base */,
			);
			name = LaunchScreen.storyboard;
			sourceTree = "<group>";
		};
		1DCD83312ABA3E9C009C749A /* Localizable.strings */ = {
			isa = PBXVariantGroup;
			children = (
				1DCD83302ABA3E9C009C749A /* en */,
				1DCD83322ABA3EAF009C749A /* ru */,
			);
			name = Localizable.strings;
			sourceTree = "<group>";
		};
/* End PBXVariantGroup section */

/* Begin XCBuildConfiguration section */
		1DCD83112ABA2F64009C749A /* Debug */ = {
			isa = XCBuildConfiguration;
			buildSettings = {
				ALWAYS_SEARCH_USER_PATHS = NO;
				CLANG_ANALYZER_LOCALIZABILITY_NONLOCALIZED = YES;
				CLANG_ANALYZER_NONNULL = YES;
				CLANG_ANALYZER_NUMBER_OBJECT_CONVERSION = YES_AGGRESSIVE;
				CLANG_CXX_LANGUAGE_STANDARD = "gnu++20";
				CLANG_ENABLE_MODULES = YES;
				CLANG_ENABLE_OBJC_ARC = YES;
				CLANG_ENABLE_OBJC_WEAK = YES;
				CLANG_WARN_BLOCK_CAPTURE_AUTORELEASING = YES;
				CLANG_WARN_BOOL_CONVERSION = YES;
				CLANG_WARN_COMMA = YES;
				CLANG_WARN_CONSTANT_CONVERSION = YES;
				CLANG_WARN_DEPRECATED_OBJC_IMPLEMENTATIONS = YES;
				CLANG_WARN_DIRECT_OBJC_ISA_USAGE = YES_ERROR;
				CLANG_WARN_DOCUMENTATION_COMMENTS = YES;
				CLANG_WARN_EMPTY_BODY = YES;
				CLANG_WARN_ENUM_CONVERSION = YES;
				CLANG_WARN_INFINITE_RECURSION = YES;
				CLANG_WARN_INT_CONVERSION = YES;
				CLANG_WARN_NON_LITERAL_NULL_CONVERSION = YES;
				CLANG_WARN_OBJC_IMPLICIT_RETAIN_SELF = YES;
				CLANG_WARN_OBJC_LITERAL_CONVERSION = YES;
				CLANG_WARN_OBJC_ROOT_CLASS = YES_ERROR;
				CLANG_WARN_QUOTED_INCLUDE_IN_FRAMEWORK_HEADER = YES;
				CLANG_WARN_RANGE_LOOP_ANALYSIS = YES;
				CLANG_WARN_STRICT_PROTOTYPES = YES;
				CLANG_WARN_SUSPICIOUS_MOVE = YES;
				CLANG_WARN_UNGUARDED_AVAILABILITY = YES_AGGRESSIVE;
				CLANG_WARN_UNREACHABLE_CODE = YES;
				CLANG_WARN__DUPLICATE_METHOD_MATCH = YES;
				COPY_PHASE_STRIP = NO;
				DEBUG_INFORMATION_FORMAT = dwarf;
				ENABLE_STRICT_OBJC_MSGSEND = YES;
				ENABLE_TESTABILITY = YES;
				GCC_C_LANGUAGE_STANDARD = gnu11;
				GCC_DYNAMIC_NO_PIC = NO;
				GCC_NO_COMMON_BLOCKS = YES;
				GCC_OPTIMIZATION_LEVEL = 0;
				GCC_PREPROCESSOR_DEFINITIONS = (
					"DEBUG=1",
					"$(inherited)",
				);
				GCC_WARN_64_TO_32_BIT_CONVERSION = YES;
				GCC_WARN_ABOUT_RETURN_TYPE = YES_ERROR;
				GCC_WARN_UNDECLARED_SELECTOR = YES;
				GCC_WARN_UNINITIALIZED_AUTOS = YES_AGGRESSIVE;
				GCC_WARN_UNUSED_FUNCTION = YES;
				GCC_WARN_UNUSED_VARIABLE = YES;
				IPHONEOS_DEPLOYMENT_TARGET = 16.4;
				MTL_ENABLE_DEBUG_INFO = INCLUDE_SOURCE;
				MTL_FAST_MATH = YES;
				ONLY_ACTIVE_ARCH = YES;
				SDKROOT = iphoneos;
				SWIFT_ACTIVE_COMPILATION_CONDITIONS = DEBUG;
				SWIFT_OPTIMIZATION_LEVEL = "-Onone";
			};
			name = Debug;
		};
		1DCD83122ABA2F64009C749A /* Release */ = {
			isa = XCBuildConfiguration;
			buildSettings = {
				ALWAYS_SEARCH_USER_PATHS = NO;
				CLANG_ANALYZER_LOCALIZABILITY_NONLOCALIZED = YES;
				CLANG_ANALYZER_NONNULL = YES;
				CLANG_ANALYZER_NUMBER_OBJECT_CONVERSION = YES_AGGRESSIVE;
				CLANG_CXX_LANGUAGE_STANDARD = "gnu++20";
				CLANG_ENABLE_MODULES = YES;
				CLANG_ENABLE_OBJC_ARC = YES;
				CLANG_ENABLE_OBJC_WEAK = YES;
				CLANG_WARN_BLOCK_CAPTURE_AUTORELEASING = YES;
				CLANG_WARN_BOOL_CONVERSION = YES;
				CLANG_WARN_COMMA = YES;
				CLANG_WARN_CONSTANT_CONVERSION = YES;
				CLANG_WARN_DEPRECATED_OBJC_IMPLEMENTATIONS = YES;
				CLANG_WARN_DIRECT_OBJC_ISA_USAGE = YES_ERROR;
				CLANG_WARN_DOCUMENTATION_COMMENTS = YES;
				CLANG_WARN_EMPTY_BODY = YES;
				CLANG_WARN_ENUM_CONVERSION = YES;
				CLANG_WARN_INFINITE_RECURSION = YES;
				CLANG_WARN_INT_CONVERSION = YES;
				CLANG_WARN_NON_LITERAL_NULL_CONVERSION = YES;
				CLANG_WARN_OBJC_IMPLICIT_RETAIN_SELF = YES;
				CLANG_WARN_OBJC_LITERAL_CONVERSION = YES;
				CLANG_WARN_OBJC_ROOT_CLASS = YES_ERROR;
				CLANG_WARN_QUOTED_INCLUDE_IN_FRAMEWORK_HEADER = YES;
				CLANG_WARN_RANGE_LOOP_ANALYSIS = YES;
				CLANG_WARN_STRICT_PROTOTYPES = YES;
				CLANG_WARN_SUSPICIOUS_MOVE = YES;
				CLANG_WARN_UNGUARDED_AVAILABILITY = YES_AGGRESSIVE;
				CLANG_WARN_UNREACHABLE_CODE = YES;
				CLANG_WARN__DUPLICATE_METHOD_MATCH = YES;
				COPY_PHASE_STRIP = NO;
				DEBUG_INFORMATION_FORMAT = "dwarf-with-dsym";
				ENABLE_NS_ASSERTIONS = NO;
				ENABLE_STRICT_OBJC_MSGSEND = YES;
				GCC_C_LANGUAGE_STANDARD = gnu11;
				GCC_NO_COMMON_BLOCKS = YES;
				GCC_WARN_64_TO_32_BIT_CONVERSION = YES;
				GCC_WARN_ABOUT_RETURN_TYPE = YES_ERROR;
				GCC_WARN_UNDECLARED_SELECTOR = YES;
				GCC_WARN_UNINITIALIZED_AUTOS = YES_AGGRESSIVE;
				GCC_WARN_UNUSED_FUNCTION = YES;
				GCC_WARN_UNUSED_VARIABLE = YES;
				IPHONEOS_DEPLOYMENT_TARGET = 16.4;
				MTL_ENABLE_DEBUG_INFO = NO;
				MTL_FAST_MATH = YES;
				SDKROOT = iphoneos;
				SWIFT_COMPILATION_MODE = wholemodule;
				SWIFT_OPTIMIZATION_LEVEL = "-O";
				VALIDATE_PRODUCT = YES;
			};
			name = Release;
		};
		1DCD83142ABA2F64009C749A /* Debug */ = {
			isa = XCBuildConfiguration;
			buildSettings = {
				ASSETCATALOG_COMPILER_APPICON_NAME = AppIcon;
				ASSETCATALOG_COMPILER_GLOBAL_ACCENT_COLOR_NAME = AccentColor;
				CODE_SIGN_STYLE = Automatic;
				CURRENT_PROJECT_VERSION = 1;
				DEVELOPMENT_TEAM = CCJ53Q5CP4;
				GENERATE_INFOPLIST_FILE = YES;
				INFOPLIST_KEY_NSCameraUsageDescription = "";
				INFOPLIST_KEY_UIApplicationSupportsIndirectInputEvents = YES;
				INFOPLIST_KEY_UILaunchStoryboardName = LaunchScreen.storyboard;
				INFOPLIST_KEY_UIRequiredDeviceCapabilities = arkit;
				INFOPLIST_KEY_UIRequiresFullScreen = YES;
				INFOPLIST_KEY_UIStatusBarHidden = YES;
				INFOPLIST_KEY_UISupportedInterfaceOrientations = "UIInterfaceOrientationLandscapeLeft UIInterfaceOrientationLandscapeRight";
				IPHONEOS_DEPLOYMENT_TARGET = 14.0;
				LD_RUNPATH_SEARCH_PATHS = (
					"$(inherited)",
					"@executable_path/Frameworks",
				);
				MARKETING_VERSION = 1.0;
				PRODUCT_BUNDLE_IDENTIFIER = ru.h3artgg.ARShooter;
				PRODUCT_NAME = "$(TARGET_NAME)";
				SWIFT_EMIT_LOC_STRINGS = YES;
				SWIFT_VERSION = 5.0;
				TARGETED_DEVICE_FAMILY = "1,2";
			};
			name = Debug;
		};
		1DCD83152ABA2F64009C749A /* Release */ = {
			isa = XCBuildConfiguration;
			buildSettings = {
				ASSETCATALOG_COMPILER_APPICON_NAME = AppIcon;
				ASSETCATALOG_COMPILER_GLOBAL_ACCENT_COLOR_NAME = AccentColor;
				CODE_SIGN_STYLE = Automatic;
				CURRENT_PROJECT_VERSION = 1;
				DEVELOPMENT_TEAM = CCJ53Q5CP4;
				GENERATE_INFOPLIST_FILE = YES;
				INFOPLIST_KEY_NSCameraUsageDescription = "";
				INFOPLIST_KEY_UIApplicationSupportsIndirectInputEvents = YES;
				INFOPLIST_KEY_UILaunchStoryboardName = LaunchScreen.storyboard;
				INFOPLIST_KEY_UIRequiredDeviceCapabilities = arkit;
				INFOPLIST_KEY_UIRequiresFullScreen = YES;
				INFOPLIST_KEY_UIStatusBarHidden = YES;
				INFOPLIST_KEY_UISupportedInterfaceOrientations = "UIInterfaceOrientationLandscapeLeft UIInterfaceOrientationLandscapeRight";
				IPHONEOS_DEPLOYMENT_TARGET = 14.0;
				LD_RUNPATH_SEARCH_PATHS = (
					"$(inherited)",
					"@executable_path/Frameworks",
				);
				MARKETING_VERSION = 1.0;
				PRODUCT_BUNDLE_IDENTIFIER = ru.h3artgg.ARShooter;
				PRODUCT_NAME = "$(TARGET_NAME)";
				SWIFT_EMIT_LOC_STRINGS = YES;
				SWIFT_VERSION = 5.0;
				TARGETED_DEVICE_FAMILY = "1,2";
			};
			name = Release;
		};
/* End XCBuildConfiguration section */

/* Begin XCConfigurationList section */
		1DCD82FB2ABA2F62009C749A /* Build configuration list for PBXProject "ARShooter" */ = {
			isa = XCConfigurationList;
			buildConfigurations = (
				1DCD83112ABA2F64009C749A /* Debug */,
				1DCD83122ABA2F64009C749A /* Release */,
			);
			defaultConfigurationIsVisible = 0;
			defaultConfigurationName = Release;
		};
		1DCD83132ABA2F64009C749A /* Build configuration list for PBXNativeTarget "ARShooter" */ = {
			isa = XCConfigurationList;
			buildConfigurations = (
				1DCD83142ABA2F64009C749A /* Debug */,
				1DCD83152ABA2F64009C749A /* Release */,
			);
			defaultConfigurationIsVisible = 0;
			defaultConfigurationName = Release;
		};
/* End XCConfigurationList section */
	};
	rootObject = 1DCD82F82ABA2F62009C749A /* Project object */;
}
